
Microsoft Visual Studio Solution File, Format Version 12.00
# Visual Studio Version 16
VisualStudioVersion = 16.0.30804.86
MinimumVisualStudioVersion = 10.0.40219.1
Project("{9A19103F-16F7-4668-BE54-9A1E7A4F7556}") = "DemoCms.Domain", "core\DemoCms.Domain\DemoCms.Domain.csproj", "{5060FCF4-F0B5-4DCC-BD88-CFCEC13E10A9}"
EndProject
Project("{9A19103F-16F7-4668-BE54-9A1E7A4F7556}") = "DemoCms.EF", "data\DemoCms.EF\DemoCms.EF.csproj", "{CC697C9C-33F5-4CF7-8E01-5C828AD12511}"
EndProject
Project("{2150E333-8FDC-42A3-9474-1A3956D46DE8}") = "core", "core", "{EBD34E7E-F7E0-4B07-9241-44F0C5E68F2B}"
EndProject
Project("{2150E333-8FDC-42A3-9474-1A3956D46DE8}") = "data", "data", "{26E00B5D-174F-4B9E-9C67-B4E79333CB33}"
EndProject
Project("{9A19103F-16F7-4668-BE54-9A1E7A4F7556}") = "DemoCms.EF.MsSqlServer", "data\DemoCms.EF.MsSqlServer\DemoCms.EF.MsSqlServer.csproj", "{1EB71256-C5E7-4324-B8B9-F760A7591843}"
EndProject
Project("{2150E333-8FDC-42A3-9474-1A3956D46DE8}") = "shared", "shared", "{85B2C35E-CC72-4693-8480-58ACF59764FB}"
EndProject
Project("{9A19103F-16F7-4668-BE54-9A1E7A4F7556}") = "DemoCms.EF.MsSqlServer.Seed", "data\DemoCms.EF.MsSqlServer.Seed\DemoCms.EF.MsSqlServer.Seed.csproj", "{45E073D0-F8AF-4FCF-9469-98A4930F60B9}"
EndProject
Project("{9A19103F-16F7-4668-BE54-9A1E7A4F7556}") = "DemoCms.Helper", "shared\DemoCms.Helper\DemoCms.Helper.csproj", "{566EAE86-F114-4FDF-A9EF-5E3EA93252EB}"
EndProject
Project("{9A19103F-16F7-4668-BE54-9A1E7A4F7556}") = "DemoCms.Service", "shared\DemoCms.Service\DemoCms.Service.csproj", "{A388ED2D-A4A1-409C-9729-CD74B649744D}"
EndProject
Project("{2150E333-8FDC-42A3-9474-1A3956D46DE8}") = "webapi", "webapi", "{2C60DE9B-7EBF-44BF-8869-9FF4EF50C567}"
EndProject
Project("{9A19103F-16F7-4668-BE54-9A1E7A4F7556}") = "DemoCms.RestAPI", "webapi\DemoCms.RestAPI\DemoCms.RestAPI.csproj", "{150BE54E-F5F6-4B83-80AA-11B40129960C}"
EndProject
Project("{FAE04EC0-301F-11D3-BF4B-00C04F79EFBC}") = "DemoCms.Application", "core\DemoCms.Application\DemoCms.Application.csproj", "{0F432632-1E3D-4069-9166-003E4DC82934}"
EndProject
Global
	GlobalSection(SolutionConfigurationPlatforms) = preSolution
		Debug|Any CPU = Debug|Any CPU
		Debug|x64 = Debug|x64
		Debug|x86 = Debug|x86
		Release|Any CPU = Release|Any CPU
		Release|x64 = Release|x64
		Release|x86 = Release|x86
	EndGlobalSection
	GlobalSection(ProjectConfigurationPlatforms) = postSolution
		{5060FCF4-F0B5-4DCC-BD88-CFCEC13E10A9}.Debug|Any CPU.ActiveCfg = Debug|Any CPU
		{5060FCF4-F0B5-4DCC-BD88-CFCEC13E10A9}.Debug|Any CPU.Build.0 = Debug|Any CPU
		{5060FCF4-F0B5-4DCC-BD88-CFCEC13E10A9}.Debug|x64.ActiveCfg = Debug|Any CPU
		{5060FCF4-F0B5-4DCC-BD88-CFCEC13E10A9}.Debug|x64.Build.0 = Debug|Any CPU
		{5060FCF4-F0B5-4DCC-BD88-CFCEC13E10A9}.Debug|x86.ActiveCfg = Debug|Any CPU
		{5060FCF4-F0B5-4DCC-BD88-CFCEC13E10A9}.Debug|x86.Build.0 = Debug|Any CPU
		{5060FCF4-F0B5-4DCC-BD88-CFCEC13E10A9}.Release|Any CPU.ActiveCfg = Release|Any CPU
		{5060FCF4-F0B5-4DCC-BD88-CFCEC13E10A9}.Release|Any CPU.Build.0 = Release|Any CPU
		{5060FCF4-F0B5-4DCC-BD88-CFCEC13E10A9}.Release|x64.ActiveCfg = Release|Any CPU
		{5060FCF4-F0B5-4DCC-BD88-CFCEC13E10A9}.Release|x64.Build.0 = Release|Any CPU
		{5060FCF4-F0B5-4DCC-BD88-CFCEC13E10A9}.Release|x86.ActiveCfg = Release|Any CPU
		{5060FCF4-F0B5-4DCC-BD88-CFCEC13E10A9}.Release|x86.Build.0 = Release|Any CPU
		{CC697C9C-33F5-4CF7-8E01-5C828AD12511}.Debug|Any CPU.ActiveCfg = Debug|Any CPU
		{CC697C9C-33F5-4CF7-8E01-5C828AD12511}.Debug|Any CPU.Build.0 = Debug|Any CPU
		{CC697C9C-33F5-4CF7-8E01-5C828AD12511}.Debug|x64.ActiveCfg = Debug|Any CPU
		{CC697C9C-33F5-4CF7-8E01-5C828AD12511}.Debug|x64.Build.0 = Debug|Any CPU
		{CC697C9C-33F5-4CF7-8E01-5C828AD12511}.Debug|x86.ActiveCfg = Debug|Any CPU
		{CC697C9C-33F5-4CF7-8E01-5C828AD12511}.Debug|x86.Build.0 = Debug|Any CPU
		{CC697C9C-33F5-4CF7-8E01-5C828AD12511}.Release|Any CPU.ActiveCfg = Release|Any CPU
		{CC697C9C-33F5-4CF7-8E01-5C828AD12511}.Release|Any CPU.Build.0 = Release|Any CPU
		{CC697C9C-33F5-4CF7-8E01-5C828AD12511}.Release|x64.ActiveCfg = Release|Any CPU
		{CC697C9C-33F5-4CF7-8E01-5C828AD12511}.Release|x64.Build.0 = Release|Any CPU
		{CC697C9C-33F5-4CF7-8E01-5C828AD12511}.Release|x86.ActiveCfg = Release|Any CPU
		{CC697C9C-33F5-4CF7-8E01-5C828AD12511}.Release|x86.Build.0 = Release|Any CPU
		{1EB71256-C5E7-4324-B8B9-F760A7591843}.Debug|Any CPU.ActiveCfg = Debug|Any CPU
		{1EB71256-C5E7-4324-B8B9-F760A7591843}.Debug|Any CPU.Build.0 = Debug|Any CPU
		{1EB71256-C5E7-4324-B8B9-F760A7591843}.Debug|x64.ActiveCfg = Debug|Any CPU
		{1EB71256-C5E7-4324-B8B9-F760A7591843}.Debug|x64.Build.0 = Debug|Any CPU
		{1EB71256-C5E7-4324-B8B9-F760A7591843}.Debug|x86.ActiveCfg = Debug|Any CPU
		{1EB71256-C5E7-4324-B8B9-F760A7591843}.Debug|x86.Build.0 = Debug|Any CPU
		{1EB71256-C5E7-4324-B8B9-F760A7591843}.Release|Any CPU.ActiveCfg = Release|Any CPU
		{1EB71256-C5E7-4324-B8B9-F760A7591843}.Release|Any CPU.Build.0 = Release|Any CPU
		{1EB71256-C5E7-4324-B8B9-F760A7591843}.Release|x64.ActiveCfg = Release|Any CPU
		{1EB71256-C5E7-4324-B8B9-F760A7591843}.Release|x64.Build.0 = Release|Any CPU
		{1EB71256-C5E7-4324-B8B9-F760A7591843}.Release|x86.ActiveCfg = Release|Any CPU
		{1EB71256-C5E7-4324-B8B9-F760A7591843}.Release|x86.Build.0 = Release|Any CPU
		{45E073D0-F8AF-4FCF-9469-98A4930F60B9}.Debug|Any CPU.ActiveCfg = Debug|Any CPU
		{45E073D0-F8AF-4FCF-9469-98A4930F60B9}.Debug|Any CPU.Build.0 = Debug|Any CPU
		{45E073D0-F8AF-4FCF-9469-98A4930F60B9}.Debug|x64.ActiveCfg = Debug|Any CPU
		{45E073D0-F8AF-4FCF-9469-98A4930F60B9}.Debug|x64.Build.0 = Debug|Any CPU
		{45E073D0-F8AF-4FCF-9469-98A4930F60B9}.Debug|x86.ActiveCfg = Debug|Any CPU
		{45E073D0-F8AF-4FCF-9469-98A4930F60B9}.Debug|x86.Build.0 = Debug|Any CPU
		{45E073D0-F8AF-4FCF-9469-98A4930F60B9}.Release|Any CPU.ActiveCfg = Release|Any CPU
		{45E073D0-F8AF-4FCF-9469-98A4930F60B9}.Release|Any CPU.Build.0 = Release|Any CPU
		{45E073D0-F8AF-4FCF-9469-98A4930F60B9}.Release|x64.ActiveCfg = Release|Any CPU
		{45E073D0-F8AF-4FCF-9469-98A4930F60B9}.Release|x64.Build.0 = Release|Any CPU
		{45E073D0-F8AF-4FCF-9469-98A4930F60B9}.Release|x86.ActiveCfg = Release|Any CPU
		{45E073D0-F8AF-4FCF-9469-98A4930F60B9}.Release|x86.Build.0 = Release|Any CPU
		{566EAE86-F114-4FDF-A9EF-5E3EA93252EB}.Debug|Any CPU.ActiveCfg = Debug|Any CPU
		{566EAE86-F114-4FDF-A9EF-5E3EA93252EB}.Debug|Any CPU.Build.0 = Debug|Any CPU
		{566EAE86-F114-4FDF-A9EF-5E3EA93252EB}.Debug|x64.ActiveCfg = Debug|Any CPU
		{566EAE86-F114-4FDF-A9EF-5E3EA93252EB}.Debug|x64.Build.0 = Debug|Any CPU
		{566EAE86-F114-4FDF-A9EF-5E3EA93252EB}.Debug|x86.ActiveCfg = Debug|Any CPU
		{566EAE86-F114-4FDF-A9EF-5E3EA93252EB}.Debug|x86.Build.0 = Debug|Any CPU
		{566EAE86-F114-4FDF-A9EF-5E3EA93252EB}.Release|Any CPU.ActiveCfg = Release|Any CPU
		{566EAE86-F114-4FDF-A9EF-5E3EA93252EB}.Release|Any CPU.Build.0 = Release|Any CPU
		{566EAE86-F114-4FDF-A9EF-5E3EA93252EB}.Release|x64.ActiveCfg = Release|Any CPU
		{566EAE86-F114-4FDF-A9EF-5E3EA93252EB}.Release|x64.Build.0 = Release|Any CPU
		{566EAE86-F114-4FDF-A9EF-5E3EA93252EB}.Release|x86.ActiveCfg = Release|Any CPU
		{566EAE86-F114-4FDF-A9EF-5E3EA93252EB}.Release|x86.Build.0 = Release|Any CPU
		{A388ED2D-A4A1-409C-9729-CD74B649744D}.Debug|Any CPU.ActiveCfg = Debug|Any CPU
		{A388ED2D-A4A1-409C-9729-CD74B649744D}.Debug|Any CPU.Build.0 = Debug|Any CPU
		{A388ED2D-A4A1-409C-9729-CD74B649744D}.Debug|x64.ActiveCfg = Debug|Any CPU
		{A388ED2D-A4A1-409C-9729-CD74B649744D}.Debug|x64.Build.0 = Debug|Any CPU
		{A388ED2D-A4A1-409C-9729-CD74B649744D}.Debug|x86.ActiveCfg = Debug|Any CPU
		{A388ED2D-A4A1-409C-9729-CD74B649744D}.Debug|x86.Build.0 = Debug|Any CPU
		{A388ED2D-A4A1-409C-9729-CD74B649744D}.Release|Any CPU.ActiveCfg = Release|Any CPU
		{A388ED2D-A4A1-409C-9729-CD74B649744D}.Release|Any CPU.Build.0 = Release|Any CPU
		{A388ED2D-A4A1-409C-9729-CD74B649744D}.Release|x64.ActiveCfg = Release|Any CPU
		{A388ED2D-A4A1-409C-9729-CD74B649744D}.Release|x64.Build.0 = Release|Any CPU
		{A388ED2D-A4A1-409C-9729-CD74B649744D}.Release|x86.ActiveCfg = Release|Any CPU
		{A388ED2D-A4A1-409C-9729-CD74B649744D}.Release|x86.Build.0 = Release|Any CPU
		{150BE54E-F5F6-4B83-80AA-11B40129960C}.Debug|Any CPU.ActiveCfg = Debug|Any CPU
		{150BE54E-F5F6-4B83-80AA-11B40129960C}.Debug|Any CPU.Build.0 = Debug|Any CPU
		{150BE54E-F5F6-4B83-80AA-11B40129960C}.Debug|x64.ActiveCfg = Debug|Any CPU
		{150BE54E-F5F6-4B83-80AA-11B40129960C}.Debug|x64.Build.0 = Debug|Any CPU
		{150BE54E-F5F6-4B83-80AA-11B40129960C}.Debug|x86.ActiveCfg = Debug|Any CPU
		{150BE54E-F5F6-4B83-80AA-11B40129960C}.Debug|x86.Build.0 = Debug|Any CPU
		{150BE54E-F5F6-4B83-80AA-11B40129960C}.Release|Any CPU.ActiveCfg = Release|Any CPU
		{150BE54E-F5F6-4B83-80AA-11B40129960C}.Release|Any CPU.Build.0 = Release|Any CPU
		{150BE54E-F5F6-4B83-80AA-11B40129960C}.Release|x64.ActiveCfg = Release|Any CPU
		{150BE54E-F5F6-4B83-80AA-11B40129960C}.Release|x64.Build.0 = Release|Any CPU
		{150BE54E-F5F6-4B83-80AA-11B40129960C}.Release|x86.ActiveCfg = Release|Any CPU
		{150BE54E-F5F6-4B83-80AA-11B40129960C}.Release|x86.Build.0 = Release|Any CPU
		{0F432632-1E3D-4069-9166-003E4DC82934}.Debug|Any CPU.ActiveCfg = Debug|Any CPU
		{0F432632-1E3D-4069-9166-003E4DC82934}.Debug|Any CPU.Build.0 = Debug|Any CPU
		{0F432632-1E3D-4069-9166-003E4DC82934}.Debug|x64.ActiveCfg = Debug|Any CPU
		{0F432632-1E3D-4069-9166-003E4DC82934}.Debug|x64.Build.0 = Debug|Any CPU
		{0F432632-1E3D-4069-9166-003E4DC82934}.Debug|x86.ActiveCfg = Debug|Any CPU
		{0F432632-1E3D-4069-9166-003E4DC82934}.Debug|x86.Build.0 = Debug|Any CPU
		{0F432632-1E3D-4069-9166-003E4DC82934}.Release|Any CPU.ActiveCfg = Release|Any CPU
		{0F432632-1E3D-4069-9166-003E4DC82934}.Release|Any CPU.Build.0 = Release|Any CPU
		{0F432632-1E3D-4069-9166-003E4DC82934}.Release|x64.ActiveCfg = Release|Any CPU
		{0F432632-1E3D-4069-9166-003E4DC82934}.Release|x64.Build.0 = Release|Any CPU
		{0F432632-1E3D-4069-9166-003E4DC82934}.Release|x86.ActiveCfg = Release|Any CPU
		{0F432632-1E3D-4069-9166-003E4DC82934}.Release|x86.Build.0 = Release|Any CPU
	EndGlobalSection
	GlobalSection(SolutionProperties) = preSolution
		HideSolutionNode = FALSE
	EndGlobalSection
	GlobalSection(NestedProjects) = preSolution
		{5060FCF4-F0B5-4DCC-BD88-CFCEC13E10A9} = {EBD34E7E-F7E0-4B07-9241-44F0C5E68F2B}
		{CC697C9C-33F5-4CF7-8E01-5C828AD12511} = {26E00B5D-174F-4B9E-9C67-B4E79333CB33}
		{1EB71256-C5E7-4324-B8B9-F760A7591843} = {26E00B5D-174F-4B9E-9C67-B4E79333CB33}
		{45E073D0-F8AF-4FCF-9469-98A4930F60B9} = {26E00B5D-174F-4B9E-9C67-B4E79333CB33}
		{566EAE86-F114-4FDF-A9EF-5E3EA93252EB} = {85B2C35E-CC72-4693-8480-58ACF59764FB}
		{A388ED2D-A4A1-409C-9729-CD74B649744D} = {85B2C35E-CC72-4693-8480-58ACF59764FB}
		{150BE54E-F5F6-4B83-80AA-11B40129960C} = {2C60DE9B-7EBF-44BF-8869-9FF4EF50C567}
		{0F432632-1E3D-4069-9166-003E4DC82934} = {EBD34E7E-F7E0-4B07-9241-44F0C5E68F2B}
	EndGlobalSection
	GlobalSection(ExtensibilityGlobals) = postSolution
		SolutionGuid = {96E93292-E72A-42B8-9C73-CF0AE64C189C}
	EndGlobalSection
EndGlobal
